
Microsoft Visual Studio Solution File, Format Version 12.00
# Visual Studio Version 17
VisualStudioVersion = 17.0.31903.59
MinimumVisualStudioVersion = 10.0.40219.1
Project("{2150E333-8FDC-42A3-9474-1A3956D46DE8}") = "src", "src", "{827E0CD3-B72D-47B6-A68D-7590B98EB39B}"
EndProject
Project("{FAE04EC0-301F-11D3-BF4B-00C04F79EFBC}") = "MinimalApiWithLambda.Core", "src\MinimalApiWithLambda.Core\MinimalApiWithLambda.Core.csproj", "{A0728DC6-6B5D-417B-848B-188CAEE6AFCC}"
EndProject
Project("{FAE04EC0-301F-11D3-BF4B-00C04F79EFBC}") = "MinimalApiWithLambda.Lambda", "src\MinimalApiWithLambda.Lambda\MinimalApiWithLambda.Lambda.csproj", "{D2CBC932-2164-4249-B4D9-08487DBA0D48}"
EndProject
Project("{FAE04EC0-301F-11D3-BF4B-00C04F79EFBC}") = "MinimalApiWithLambda.Api", "src\MinimalApiWithLambda.Api\MinimalApiWithLambda.Api.csproj", "{EFAC5897-D3F8-493C-8BB3-1FBB507122E3}"
EndProject
Global
	GlobalSection(SolutionConfigurationPlatforms) = preSolution
		Debug|Any CPU = Debug|Any CPU
		Debug|x64 = Debug|x64
		Debug|x86 = Debug|x86
		Release|Any CPU = Release|Any CPU
		Release|x64 = Release|x64
		Release|x86 = Release|x86
	EndGlobalSection
	GlobalSection(ProjectConfigurationPlatforms) = postSolution
		{A0728DC6-6B5D-417B-848B-188CAEE6AFCC}.Debug|Any CPU.ActiveCfg = Debug|Any CPU
		{A0728DC6-6B5D-417B-848B-188CAEE6AFCC}.Debug|Any CPU.Build.0 = Debug|Any CPU
		{A0728DC6-6B5D-417B-848B-188CAEE6AFCC}.Debug|x64.ActiveCfg = Debug|Any CPU
		{A0728DC6-6B5D-417B-848B-188CAEE6AFCC}.Debug|x64.Build.0 = Debug|Any CPU
		{A0728DC6-6B5D-417B-848B-188CAEE6AFCC}.Debug|x86.ActiveCfg = Debug|Any CPU
		{A0728DC6-6B5D-417B-848B-188CAEE6AFCC}.Debug|x86.Build.0 = Debug|Any CPU
		{A0728DC6-6B5D-417B-848B-188CAEE6AFCC}.Release|Any CPU.ActiveCfg = Release|Any CPU
		{A0728DC6-6B5D-417B-848B-188CAEE6AFCC}.Release|Any CPU.Build.0 = Release|Any CPU
		{A0728DC6-6B5D-417B-848B-188CAEE6AFCC}.Release|x64.ActiveCfg = Release|Any CPU
		{A0728DC6-6B5D-417B-848B-188CAEE6AFCC}.Release|x64.Build.0 = Release|Any CPU
		{A0728DC6-6B5D-417B-848B-188CAEE6AFCC}.Release|x86.ActiveCfg = Release|Any CPU
		{A0728DC6-6B5D-417B-848B-188CAEE6AFCC}.Release|x86.Build.0 = Release|Any CPU
		{D2CBC932-2164-4249-B4D9-08487DBA0D48}.Debug|Any CPU.ActiveCfg = Debug|Any CPU
		{D2CBC932-2164-4249-B4D9-08487DBA0D48}.Debug|Any CPU.Build.0 = Debug|Any CPU
		{D2CBC932-2164-4249-B4D9-08487DBA0D48}.Debug|x64.ActiveCfg = Debug|Any CPU
		{D2CBC932-2164-4249-B4D9-08487DBA0D48}.Debug|x64.Build.0 = Debug|Any CPU
		{D2CBC932-2164-4249-B4D9-08487DBA0D48}.Debug|x86.ActiveCfg = Debug|Any CPU
		{D2CBC932-2164-4249-B4D9-08487DBA0D48}.Debug|x86.Build.0 = Debug|Any CPU
		{D2CBC932-2164-4249-B4D9-08487DBA0D48}.Release|Any CPU.ActiveCfg = Release|Any CPU
		{D2CBC932-2164-4249-B4D9-08487DBA0D48}.Release|Any CPU.Build.0 = Release|Any CPU
		{D2CBC932-2164-4249-B4D9-08487DBA0D48}.Release|x64.ActiveCfg = Release|Any CPU
		{D2CBC932-2164-4249-B4D9-08487DBA0D48}.Release|x64.Build.0 = Release|Any CPU
		{D2CBC932-2164-4249-B4D9-08487DBA0D48}.Release|x86.ActiveCfg = Release|Any CPU
		{D2CBC932-2164-4249-B4D9-08487DBA0D48}.Release|x86.Build.0 = Release|Any CPU
		{EFAC5897-D3F8-493C-8BB3-1FBB507122E3}.Debug|Any CPU.ActiveCfg = Debug|Any CPU
		{EFAC5897-D3F8-493C-8BB3-1FBB507122E3}.Debug|Any CPU.Build.0 = Debug|Any CPU
		{EFAC5897-D3F8-493C-8BB3-1FBB507122E3}.Debug|x64.ActiveCfg = Debug|Any CPU
		{EFAC5897-D3F8-493C-8BB3-1FBB507122E3}.Debug|x64.Build.0 = Debug|Any CPU
		{EFAC5897-D3F8-493C-8BB3-1FBB507122E3}.Debug|x86.ActiveCfg = Debug|Any CPU
		{EFAC5897-D3F8-493C-8BB3-1FBB507122E3}.Debug|x86.Build.0 = Debug|Any CPU
		{EFAC5897-D3F8-493C-8BB3-1FBB507122E3}.Release|Any CPU.ActiveCfg = Release|Any CPU
		{EFAC5897-D3F8-493C-8BB3-1FBB507122E3}.Release|Any CPU.Build.0 = Release|Any CPU
		{EFAC5897-D3F8-493C-8BB3-1FBB507122E3}.Release|x64.ActiveCfg = Release|Any CPU
		{EFAC5897-D3F8-493C-8BB3-1FBB507122E3}.Release|x64.Build.0 = Release|Any CPU
		{EFAC5897-D3F8-493C-8BB3-1FBB507122E3}.Release|x86.ActiveCfg = Release|Any CPU
		{EFAC5897-D3F8-493C-8BB3-1FBB507122E3}.Release|x86.Build.0 = Release|Any CPU
	EndGlobalSection
	GlobalSection(SolutionProperties) = preSolution
		HideSolutionNode = FALSE
	EndGlobalSection
	GlobalSection(NestedProjects) = preSolution
		{A0728DC6-6B5D-417B-848B-188CAEE6AFCC} = {827E0CD3-B72D-47B6-A68D-7590B98EB39B}
		{D2CBC932-2164-4249-B4D9-08487DBA0D48} = {827E0CD3-B72D-47B6-A68D-7590B98EB39B}
		{EFAC5897-D3F8-493C-8BB3-1FBB507122E3} = {827E0CD3-B72D-47B6-A68D-7590B98EB39B}
	EndGlobalSection
EndGlobal
